
Microsoft Visual Studio Solution File, Format Version 12.00
# Visual Studio Version 17
VisualStudioVersion = 17.14.36414.22 d17.14
MinimumVisualStudioVersion = 10.0.40219.1
Project("{FAE04EC0-301F-11D3-BF4B-00C04F79EFBC}") = "Loan_app", "Loan_app.csproj", "{1672D239-6839-45E0-890B-C1B52967124A}"
EndProject
Global
	GlobalSection(SolutionConfigurationPlatforms) = preSolution
		Debug|Any CPU = Debug|Any CPU
		Release|Any CPU = Release|Any CPU
	EndGlobalSection
	GlobalSection(ProjectConfigurationPlatforms) = postSolution
		{1672D239-6839-45E0-890B-C1B52967124A}.Debug|Any CPU.ActiveCfg = Debug|Any CPU
		{1672D239-6839-45E0-890B-C1B52967124A}.Debug|Any CPU.Build.0 = Debug|Any CPU
		{1672D239-6839-45E0-890B-C1B52967124A}.Release|Any CPU.ActiveCfg = Release|Any CPU
		{1672D239-6839-45E0-890B-C1B52967124A}.Release|Any CPU.Build.0 = Release|Any CPU
	EndGlobalSection
	GlobalSection(SolutionProperties) = preSolution
		HideSolutionNode = FALSE
	EndGlobalSection
	GlobalSection(ExtensibilityGlobals) = postSolution
		SolutionGuid = {4E413E10-A945-419D-8102-62AE4688A50F}
	EndGlobalSection
EndGlobal
